
Microsoft Visual Studio Solution File, Format Version 12.00
# Visual Studio Version 17
VisualStudioVersion = 17.8.34316.72
MinimumVisualStudioVersion = 10.0.40219.1
Project("{FAE04EC0-301F-11D3-BF4B-00C04F79EFBC}") = "bazyProjektBlazor", "bazyProjektBlazor.csproj", "{1B72B9E9-28C1-4FCE-94B7-F064F7A6584D}"
EndProject
Global
	GlobalSection(SolutionConfigurationPlatforms) = preSolution
		Debug|Any CPU = Debug|Any CPU
		Release|Any CPU = Release|Any CPU
	EndGlobalSection
	GlobalSection(ProjectConfigurationPlatforms) = postSolution
		{1B72B9E9-28C1-4FCE-94B7-F064F7A6584D}.Debug|Any CPU.ActiveCfg = Debug|Any CPU
		{1B72B9E9-28C1-4FCE-94B7-F064F7A6584D}.Debug|Any CPU.Build.0 = Debug|Any CPU
		{1B72B9E9-28C1-4FCE-94B7-F064F7A6584D}.Release|Any CPU.ActiveCfg = Release|Any CPU
		{1B72B9E9-28C1-4FCE-94B7-F064F7A6584D}.Release|Any CPU.Build.0 = Release|Any CPU
	EndGlobalSection
	GlobalSection(SolutionProperties) = preSolution
		HideSolutionNode = FALSE
	EndGlobalSection
	GlobalSection(ExtensibilityGlobals) = postSolution
		SolutionGuid = {0019DBB1-68F9-4245-857A-BE52DDBAF765}
	EndGlobalSection
EndGlobal
